{
  "name": "techdegree-project-01",
  "version": "1.0.0",
  "lockfileVersion": 2,
  "requires": true,
  "packages": {
    "": {
      "name": "techdegree-project-01",
      "version": "1.0.0",
      "license": "UNLICENSED",
      "dependencies": {
        "animsition": "^4.0.2",
        "jquery": "^3.6.4"
      }
    },
    "node_modules/animsition": {
      "version": "4.0.2",
      "resolved": "https://registry.npmjs.org/animsition/-/animsition-4.0.2.tgz",
      "integrity": "sha1-2MbmCwpWNeMoG5YkAsoqWxa2cU4="
    },
    "node_modules/jquery": {
      "version": "3.6.4",
      "resolved": "https://registry.npmjs.org/jquery/-/jquery-3.6.4.tgz",
      "integrity": "sha512-v28EW9DWDFpzcD9O5iyJXg3R3+q+mET5JhnjJzQUZMHOv67bpSIHq81GEYpPNZHG+XXHsfSme3nxp/hndKEcsQ=="
    }
  },
  "dependencies": {
    "animsition": {
      "version": "4.0.2",
      "resolved": "https://registry.npmjs.org/animsition/-/animsition-4.0.2.tgz",
      "integrity": "sha1-2MbmCwpWNeMoG5YkAsoqWxa2cU4="
    },
    "jquery": {
      "version": "3.6.4",
      "resolved": "https://registry.npmjs.org/jquery/-/jquery-3.6.4.tgz",
      "integrity": "sha512-v28EW9DWDFpzcD9O5iyJXg3R3+q+mET5JhnjJzQUZMHOv67bpSIHq81GEYpPNZHG+XXHsfSme3nxp/hndKEcsQ=="
    }
  }
}
